
Microsoft Visual Studio Solution File, Format Version 12.00
# Visual Studio Version 16
VisualStudioVersion = 16.0.30907.101
MinimumVisualStudioVersion = 10.0.40219.1
Project("{FAE04EC0-301F-11D3-BF4B-00C04F79EFBC}") = "EmployeeAPI", "EmployeeAPI\EmployeeAPI.csproj", "{BCAE9E38-4C7D-4138-8009-35F39A416714}"
EndProject
Global
	GlobalSection(SolutionConfigurationPlatforms) = preSolution
		Debug|Any CPU = Debug|Any CPU
		Release|Any CPU = Release|Any CPU
	EndGlobalSection
	GlobalSection(ProjectConfigurationPlatforms) = postSolution
		{BCAE9E38-4C7D-4138-8009-35F39A416714}.Debug|Any CPU.ActiveCfg = Debug|Any CPU
		{BCAE9E38-4C7D-4138-8009-35F39A416714}.Debug|Any CPU.Build.0 = Debug|Any CPU
		{BCAE9E38-4C7D-4138-8009-35F39A416714}.Release|Any CPU.ActiveCfg = Release|Any CPU
		{BCAE9E38-4C7D-4138-8009-35F39A416714}.Release|Any CPU.Build.0 = Release|Any CPU
	EndGlobalSection
	GlobalSection(SolutionProperties) = preSolution
		HideSolutionNode = FALSE
	EndGlobalSection
	GlobalSection(ExtensibilityGlobals) = postSolution
		SolutionGuid = {46F69FF2-668F-445A-B4BF-82601C00761D}
	EndGlobalSection
EndGlobal
